{
  "originHash" : "fdb578fa1c093d9c4eb6f2d4ec02c471d3adaebe7d4506b7a1dcabfdaaca17ce",
  "pins" : [
    {
      "identity" : "extendedswift",
      "kind" : "remoteSourceControl",
      "location" : "https://github.com/PedroCavaleiro/ExtendedSwift",
      "state" : {
        "revision" : "2d87da804d47eb968a439caafb6c90b3645f80d6",
        "version" : "1.3.1"
      }
    },
    {
      "identity" : "keychain-swift",
      "kind" : "remoteSourceControl",
      "location" : "https://github.com/evgenyneu/keychain-swift",
      "state" : {
        "revision" : "5e1b02b6a9dac2a759a1d5dbc175c86bd192a608",
        "version" : "24.0.0"
      }
    },
    {
      "identity" : "swiftlyrest",
      "kind" : "remoteSourceControl",
      "location" : "https://github.com/PedroCavaleiro/SwiftlyRest.git",
      "state" : {
        "revision" : "d7875ea2f2043215392d20f97e0a7fcd73e02ffe",
        "version" : "1.8.0"
      }
    }
  ],
  "version" : 3
}
